<?xml version="1.0" encoding="utf-8"?>
<Project ToolsVersion="4.0" xmlns="http://schemas.microsoft.com/developer/msbuild/2003">
  <ItemGroup>
    <Filter Include="Source Files">
      <UniqueIdentifier>{4FC737F1-C7A5-4376-A066-2A32D752A2FF}</UniqueIdentifier>
      <Extensions>cpp;c;cc;cxx;c++;cppm;ixx;def;odl;idl;hpj;bat;asm;asmx</Extensions>
    </Filter>
    <Filter Include="Header Files">
      <UniqueIdentifier>{93995380-89BD-4b04-88EB-625FBE52EBFB}</UniqueIdentifier>
      <Extensions>h;hh;hpp;hxx;h++;hm;inl;inc;ipp;xsd</Extensions>
    </Filter>
    <Filter Include="Resource Files">
      <UniqueIdentifier>{67DA6AB6-F800-4c08-8B7A-83BB121AAD01}</UniqueIdentifier>
      <Extensions>rc;ico;cur;bmp;dlg;rc2;rct;bin;rgs;gif;jpg;jpeg;jpe;resx;tiff;tif;png;wav;mfcribbon-ms</Extensions>
    </Filter>
  </ItemGroup>
  <ItemGroup>
    <ClCompile Include="main.cpp">
      <Filter>Source Files</Filter>
    </ClCompile>
    <ClCompile Include="engineTest.cpp">
      <Filter>Source Files</Filter>
    </ClCompile>
    <ClCompile Include="event\unit\asyncDispatcherTest.cpp">
      <Filter>Source Files</Filter>
    </ClCompile>
    <ClCompile Include="event\unit\broadcasterTest.cpp">
      <Filter>Source Files</Filter>
    </ClCompile>
    <ClCompile Include="event\unit\eventTest.cpp">
      <Filter>Source Files</Filter>
    </ClCompile>
    <ClCompile Include="event\unit\eventTypesTest.cpp">
      <Filter>Source Files</Filter>
    </ClCompile>
    <ClCompile Include="event\unit\dispatcherTest.cpp">
      <Filter>Source Files</Filter>
    </ClCompile>
    <ClCompile Include="event\unit\listenerTest.cpp">
      <Filter>Source Files</Filter>
    </ClCompile>
    <ClCompile Include="event\integration\commanderTest.cpp">
      <Filter>Source Files</Filter>
    </ClCompile>
    <ClCompile Include="event\integration\dispatchCycleTest.cpp">
      <Filter>Source Files</Filter>
    </ClCompile>
    <ClCompile Include="event\integration\dispatcherLifecycleTest.cpp">
      <Filter>Source Files</Filter>
    </ClCompile>
    <ClCompile Include="event\integration\dispatcherTopologyTest.cpp">
      <Filter>Source Files</Filter>
    </ClCompile>
    <ClCompile Include="event\integration\eventConcurrencyTest.cpp">
      <Filter>Source Files</Filter>
    </ClCompile>
    <ClCompile Include="event\integration\eventLoadTest.cpp">
      <Filter>Source Files</Filter>
    </ClCompile>
    <ClCompile Include="event\eventTestSupport.cpp">
      <Filter>Source Files</Filter>
    </ClCompile>
    <ClCompile Include="event\integration\listenerRegistrationTest.cpp">
      <Filter>Source Files</Filter>
    </ClCompile>
    <ClCompile Include="event\integration\payloadTest.cpp">
      <Filter>Source Files</Filter>
    </ClCompile>
  </ItemGroup>
  <ItemGroup>
    <ClInclude Include="engineTest.h">
      <Filter>Header Files</Filter>
    </ClInclude>
    <ClInclude Include="clockTest.h">
      <Filter>Header Files</Filter>
    </ClInclude>
    <ClInclude Include="event\unit\asyncDispatcherTest.h">
      <Filter>Header Files</Filter>
    </ClInclude>
    <ClInclude Include="event\unit\broadcasterTest.h">
      <Filter>Header Files</Filter>
    </ClInclude>
    <ClInclude Include="event\unit\eventTest.h">
      <Filter>Header Files</Filter>
    </ClInclude>
    <ClInclude Include="event\unit\eventTypesTest.h">
      <Filter>Header Files</Filter>
    </ClInclude>
    <ClInclude Include="event\unit\dispatcherTest.h">
      <Filter>Header Files</Filter>
    </ClInclude>
    <ClInclude Include="event\unit\listenerTest.h">
      <Filter>Header Files</Filter>
    </ClInclude>
    <ClInclude Include="event\unit\mockDispatcher.h">
      <Filter>Header Files</Filter>
    </ClInclude>
    <ClInclude Include="event\integration\commanderTest.h">
      <Filter>Header Files</Filter>
    </ClInclude>
    <ClInclude Include="event\integration\dispatchCycleTest.h">
      <Filter>Header Files</Filter>
    </ClInclude>
    <ClInclude Include="event\integration\dispatcherLifecycleTest.h">
      <Filter>Header Files</Filter>
    </ClInclude>
    <ClInclude Include="event\integration\dispatcherTopologyTest.h">
      <Filter>Header Files</Filter>
    </ClInclude>
    <ClInclude Include="event\integration\eventConcurrencyTest.h">
      <Filter>Header Files</Filter>
    </ClInclude>
    <ClInclude Include="event\integration\eventLoadTest.h">
      <Filter>Header Files</Filter>
    </ClInclude>
    <ClInclude Include="event\eventTestSupport.h">
      <Filter>Header Files</Filter>
    </ClInclude>
    <ClInclude Include="event\integration\listenerRegistrationTest.h">
      <Filter>Header Files</Filter>
    </ClInclude>
    <ClInclude Include="event\integration\payloadTest.h">
      <Filter>Header Files</Filter>
    </ClInclude>
  </ItemGroup>
</Project>